
Microsoft Visual Studio Solution File, Format Version 12.00
# Visual Studio 14
VisualStudioVersion = 14.0.24720.0
MinimumVisualStudioVersion = 10.0.40219.1
Project("{FAE04EC0-301F-11D3-BF4B-00C04F79EFBC}") = "Tehtävä 1", "Tehtävä 1\Tehtävä 1.csproj", "{84D10B1A-99AE-47EB-8B81-C4F7D5C9454F}"
EndProject
Project("{FAE04EC0-301F-11D3-BF4B-00C04F79EFBC}") = "Tehtävä 2", "Tehtävä 2\Tehtävä 2.csproj", "{B01F31E2-7393-4267-9DF9-5EF1ADFCF94D}"
EndProject
Project("{FAE04EC0-301F-11D3-BF4B-00C04F79EFBC}") = "Tehtävä 4", "Tehtävä 4\Tehtävä 4.csproj", "{5D332001-6F34-4690-8506-6E52480A2ABD}"
EndProject
Project("{FAE04EC0-301F-11D3-BF4B-00C04F79EFBC}") = "Tehtävä 5", "Tehtävä 5\Tehtävä 5.csproj", "{A120E7B3-F9B5-4275-AA9E-CB284E9CDF6D}"
EndProject
Global
	GlobalSection(SolutionConfigurationPlatforms) = preSolution
		Debug|Any CPU = Debug|Any CPU
		Release|Any CPU = Release|Any CPU
	EndGlobalSection
	GlobalSection(ProjectConfigurationPlatforms) = postSolution
		{84D10B1A-99AE-47EB-8B81-C4F7D5C9454F}.Debug|Any CPU.ActiveCfg = Debug|Any CPU
		{84D10B1A-99AE-47EB-8B81-C4F7D5C9454F}.Debug|Any CPU.Build.0 = Debug|Any CPU
		{84D10B1A-99AE-47EB-8B81-C4F7D5C9454F}.Release|Any CPU.ActiveCfg = Release|Any CPU
		{84D10B1A-99AE-47EB-8B81-C4F7D5C9454F}.Release|Any CPU.Build.0 = Release|Any CPU
		{B01F31E2-7393-4267-9DF9-5EF1ADFCF94D}.Debug|Any CPU.ActiveCfg = Debug|Any CPU
		{B01F31E2-7393-4267-9DF9-5EF1ADFCF94D}.Debug|Any CPU.Build.0 = Debug|Any CPU
		{B01F31E2-7393-4267-9DF9-5EF1ADFCF94D}.Release|Any CPU.ActiveCfg = Release|Any CPU
		{B01F31E2-7393-4267-9DF9-5EF1ADFCF94D}.Release|Any CPU.Build.0 = Release|Any CPU
		{5D332001-6F34-4690-8506-6E52480A2ABD}.Debug|Any CPU.ActiveCfg = Debug|Any CPU
		{5D332001-6F34-4690-8506-6E52480A2ABD}.Debug|Any CPU.Build.0 = Debug|Any CPU
		{5D332001-6F34-4690-8506-6E52480A2ABD}.Release|Any CPU.ActiveCfg = Release|Any CPU
		{5D332001-6F34-4690-8506-6E52480A2ABD}.Release|Any CPU.Build.0 = Release|Any CPU
		{A120E7B3-F9B5-4275-AA9E-CB284E9CDF6D}.Debug|Any CPU.ActiveCfg = Debug|Any CPU
		{A120E7B3-F9B5-4275-AA9E-CB284E9CDF6D}.Debug|Any CPU.Build.0 = Debug|Any CPU
		{A120E7B3-F9B5-4275-AA9E-CB284E9CDF6D}.Release|Any CPU.ActiveCfg = Release|Any CPU
		{A120E7B3-F9B5-4275-AA9E-CB284E9CDF6D}.Release|Any CPU.Build.0 = Release|Any CPU
	EndGlobalSection
	GlobalSection(SolutionProperties) = preSolution
		HideSolutionNode = FALSE
	EndGlobalSection
EndGlobal
